
Microsoft Visual Studio Solution File, Format Version 10.00
# Visual Studio 2008
Project("{FAE04EC0-301F-11D3-BF4B-00C04F79EFBC}") = "Frog.Orm", "Frog.Orm\Frog.Orm.csproj", "{09D00F68-135B-47C5-8B97-0F92C964CA1C}"
EndProject
Project("{FAE04EC0-301F-11D3-BF4B-00C04F79EFBC}") = "Frog.Orm.Test", "Frog.Orm.Test\Frog.Orm.Test.csproj", "{EA6B821B-A483-4175-BC84-5091B3FF03C3}"
EndProject
Global
	GlobalSection(SolutionConfigurationPlatforms) = preSolution
		Debug|Any CPU = Debug|Any CPU
		Release|Any CPU = Release|Any CPU
	EndGlobalSection
	GlobalSection(ProjectConfigurationPlatforms) = postSolution
		{09D00F68-135B-47C5-8B97-0F92C964CA1C}.Debug|Any CPU.ActiveCfg = Debug|Any CPU
		{09D00F68-135B-47C5-8B97-0F92C964CA1C}.Debug|Any CPU.Build.0 = Debug|Any CPU
		{09D00F68-135B-47C5-8B97-0F92C964CA1C}.Release|Any CPU.ActiveCfg = Release|Any CPU
		{09D00F68-135B-47C5-8B97-0F92C964CA1C}.Release|Any CPU.Build.0 = Release|Any CPU
		{EA6B821B-A483-4175-BC84-5091B3FF03C3}.Debug|Any CPU.ActiveCfg = Debug|Any CPU
		{EA6B821B-A483-4175-BC84-5091B3FF03C3}.Debug|Any CPU.Build.0 = Debug|Any CPU
		{EA6B821B-A483-4175-BC84-5091B3FF03C3}.Release|Any CPU.ActiveCfg = Release|Any CPU
		{EA6B821B-A483-4175-BC84-5091B3FF03C3}.Release|Any CPU.Build.0 = Release|Any CPU
	EndGlobalSection
	GlobalSection(SolutionProperties) = preSolution
		HideSolutionNode = FALSE
	EndGlobalSection
EndGlobal
